
Microsoft Visual Studio Solution File, Format Version 12.00
# Visual Studio Version 17
VisualStudioVersion = 17.14.36705.20 d17.14
MinimumVisualStudioVersion = 10.0.40219.1
Project("{FAE04EC0-301F-11D3-BF4B-00C04F79EFBC}") = "WinFormsApp1", "WinFormsApp1.csproj", "{00B60754-B829-4F1F-B162-360ABF6B3B74}"
EndProject
Global
	GlobalSection(SolutionConfigurationPlatforms) = preSolution
		Debug|Any CPU = Debug|Any CPU
		Release|Any CPU = Release|Any CPU
	EndGlobalSection
	GlobalSection(ProjectConfigurationPlatforms) = postSolution
		{00B60754-B829-4F1F-B162-360ABF6B3B74}.Debug|Any CPU.ActiveCfg = Debug|Any CPU
		{00B60754-B829-4F1F-B162-360ABF6B3B74}.Debug|Any CPU.Build.0 = Debug|Any CPU
		{00B60754-B829-4F1F-B162-360ABF6B3B74}.Release|Any CPU.ActiveCfg = Release|Any CPU
		{00B60754-B829-4F1F-B162-360ABF6B3B74}.Release|Any CPU.Build.0 = Release|Any CPU
	EndGlobalSection
	GlobalSection(SolutionProperties) = preSolution
		HideSolutionNode = FALSE
	EndGlobalSection
	GlobalSection(ExtensibilityGlobals) = postSolution
		SolutionGuid = {87182004-5E77-423A-AA36-AB8C032B6F84}
	EndGlobalSection
EndGlobal
